
Microsoft Visual Studio Solution File, Format Version 12.00
# Visual Studio Version 17
VisualStudioVersion = 17.14.36414.22
MinimumVisualStudioVersion = 10.0.40219.1
Project("{FAE04EC0-301F-11D3-BF4B-00C04F79EFBC}") = "DesktopClockWidget", "DesktopClockWidget.csproj", "{09DB4697-19B4-2AD7-FC93-F227513FA3F2}"
EndProject
Global
	GlobalSection(SolutionConfigurationPlatforms) = preSolution
		Debug|Any CPU = Debug|Any CPU
		Release|Any CPU = Release|Any CPU
	EndGlobalSection
	GlobalSection(ProjectConfigurationPlatforms) = postSolution
		{09DB4697-19B4-2AD7-FC93-F227513FA3F2}.Debug|Any CPU.ActiveCfg = Debug|Any CPU
		{09DB4697-19B4-2AD7-FC93-F227513FA3F2}.Debug|Any CPU.Build.0 = Debug|Any CPU
		{09DB4697-19B4-2AD7-FC93-F227513FA3F2}.Release|Any CPU.ActiveCfg = Release|Any CPU
		{09DB4697-19B4-2AD7-FC93-F227513FA3F2}.Release|Any CPU.Build.0 = Release|Any CPU
	EndGlobalSection
	GlobalSection(SolutionProperties) = preSolution
		HideSolutionNode = FALSE
	EndGlobalSection
	GlobalSection(ExtensibilityGlobals) = postSolution
		SolutionGuid = {AF3A5700-5345-4799-BD4D-11E6E6218617}
	EndGlobalSection
EndGlobal
